Microsoft Visual Studio Solution File, Format Version 12.00
# Visual Studio Version 17
VisualStudioVersion = 17.8.0.0
MinimumVisualStudioVersion = 17.8.0.0
Project("{9A19103F-16F7-4668-BE54-9A1E7A4F7556}") = "aspire-starter.AppHost", "aspire-starter.AppHost\aspire-starter.AppHost.csproj", "{AF49A80C-5B1A-47E0-9527-213604E44FB3}"
EndProject
Project("{9A19103F-16F7-4668-BE54-9A1E7A4F7556}") = "aspire-starter.ServiceDefaults", "aspire-starter.ServiceDefaults\aspire-starter.ServiceDefaults.csproj", "{2DBA079F-68BB-46BB-80FE-4D975AC1955F}"
EndProject
Project("{9A19103F-16F7-4668-BE54-9A1E7A4F7556}") = "aspire-starter.ApiService", "aspire-starter.ApiService\aspire-starter.ApiService.csproj", "{73C4091A-AC9D-47F5-B387-11DEE872B2C4}"
EndProject
Project("{9A19103F-16F7-4668-BE54-9A1E7A4F7556}") = "aspire-starter.Web", "aspire-starter.Web\aspire-starter.Web.csproj", "{A0BF021B-E5CB-49C8-BBF7-15F4C0570BAE}"
EndProject
Global
	GlobalSection(SolutionConfigurationPlatforms) = preSolution
		Debug|Any CPU = Debug|Any CPU
		Release|Any CPU = Release|Any CPU
	EndGlobalSection
	GlobalSection(ProjectConfigurationPlatforms) = postSolution
		{AF49A80C-5B1A-47E0-9527-213604E44FB3}.Debug|Any CPU.ActiveCfg = Debug|Any CPU
		{AF49A80C-5B1A-47E0-9527-213604E44FB3}.Debug|Any CPU.Build.0 = Debug|Any CPU
		{AF49A80C-5B1A-47E0-9527-213604E44FB3}.Release|Any CPU.ActiveCfg = Release|Any CPU
		{AF49A80C-5B1A-47E0-9527-213604E44FB3}.Release|Any CPU.Build.0 = Release|Any CPU
		{2DBA079F-68BB-46BB-80FE-4D975AC1955F}.Debug|Any CPU.ActiveCfg = Debug|Any CPU
		{2DBA079F-68BB-46BB-80FE-4D975AC1955F}.Debug|Any CPU.Build.0 = Debug|Any CPU
		{2DBA079F-68BB-46BB-80FE-4D975AC1955F}.Release|Any CPU.ActiveCfg = Release|Any CPU
		{2DBA079F-68BB-46BB-80FE-4D975AC1955F}.Release|Any CPU.Build.0 = Release|Any CPU
		{73C4091A-AC9D-47F5-B387-11DEE872B2C4}.Debug|Any CPU.ActiveCfg = Debug|Any CPU
		{73C4091A-AC9D-47F5-B387-11DEE872B2C4}.Debug|Any CPU.Build.0 = Debug|Any CPU
		{73C4091A-AC9D-47F5-B387-11DEE872B2C4}.Release|Any CPU.ActiveCfg = Release|Any CPU
		{73C4091A-AC9D-47F5-B387-11DEE872B2C4}.Release|Any CPU.Build.0 = Release|Any CPU
		{A0BF021B-E5CB-49C8-BBF7-15F4C0570BAE}.Debug|Any CPU.ActiveCfg = Debug|Any CPU
		{A0BF021B-E5CB-49C8-BBF7-15F4C0570BAE}.Debug|Any CPU.Build.0 = Debug|Any CPU
		{A0BF021B-E5CB-49C8-BBF7-15F4C0570BAE}.Release|Any CPU.ActiveCfg = Release|Any CPU
		{A0BF021B-E5CB-49C8-BBF7-15F4C0570BAE}.Release|Any CPU.Build.0 = Release|Any CPU
	EndGlobalSection
	GlobalSection(SolutionProperties) = preSolution
		HideSolutionNode = FALSE
	EndGlobalSection
	GlobalSection(ExtensibilityGlobals) = postSolution
		SolutionGuid = {9447C0CD-9A93-43F0-BA93-9B905CE7E18F}
	EndGlobalSection
EndGlobal
